
Microsoft Visual Studio Solution File, Format Version 12.00
# Visual Studio 2017
Project("{2150E333-8FDC-42A3-9474-1A3956D46DE8}") = "src", "src", "{8EAE3DB9-6473-420B-94D6-756DF381FE89}"
EndProject
Project("{FAE04EC0-301F-11D3-BF4B-00C04F79EFBC}") = "dexih.remote", "src\dexih.remote\dexih.remote.csproj", "{0BB7FBAE-1842-4ADB-AA1C-52021FC41D68}"
EndProject
Project("{2150E333-8FDC-42A3-9474-1A3956D46DE8}") = "test", "test", "{B8620C8E-0CA8-40FD-8D8A-E595C783EBD8}"
EndProject
Project("{2150E333-8FDC-42A3-9474-1A3956D46DE8}") = "ext", "ext", "{60A319A6-A6FA-4151-89F9-6C29E551735C}"
EndProject
Project("{FAE04EC0-301F-11D3-BF4B-00C04F79EFBC}") = "dexih.functions", "..\dexih.transforms\src\dexih.functions\dexih.functions.csproj", "{711002EA-3655-48E3-BEB8-0C7E9E2507A7}"
EndProject
Project("{FAE04EC0-301F-11D3-BF4B-00C04F79EFBC}") = "dexih.transforms", "..\dexih.transforms\src\dexih.transforms\dexih.transforms.csproj", "{693849CA-5701-4091-98E5-939EB9FD7CE1}"
EndProject
Project("{FAE04EC0-301F-11D3-BF4B-00C04F79EFBC}") = "dexih.repository", "..\Dexih.App.Operations\src\dexih.repository\dexih.repository.csproj", "{C255EAAE-B65B-4353-90F1-B91917891A35}"
EndProject
Project("{FAE04EC0-301F-11D3-BF4B-00C04F79EFBC}") = "dexih.operations", "..\Dexih.App.Operations\src\dexih.operations\dexih.operations.csproj", "{D1BEE5EC-70AF-4947-8A4A-5076F83E69BF}"
EndProject
Global
	GlobalSection(SolutionConfigurationPlatforms) = preSolution
		Debug|Any CPU = Debug|Any CPU
		Release|Any CPU = Release|Any CPU
	EndGlobalSection
	GlobalSection(ProjectConfigurationPlatforms) = postSolution
		{0BB7FBAE-1842-4ADB-AA1C-52021FC41D68}.Debug|Any CPU.ActiveCfg = Debug|Any CPU
		{0BB7FBAE-1842-4ADB-AA1C-52021FC41D68}.Debug|Any CPU.Build.0 = Debug|Any CPU
		{0BB7FBAE-1842-4ADB-AA1C-52021FC41D68}.Release|Any CPU.ActiveCfg = Release|Any CPU
		{0BB7FBAE-1842-4ADB-AA1C-52021FC41D68}.Release|Any CPU.Build.0 = Release|Any CPU
		{711002EA-3655-48E3-BEB8-0C7E9E2507A7}.Debug|Any CPU.ActiveCfg = Debug|Any CPU
		{711002EA-3655-48E3-BEB8-0C7E9E2507A7}.Debug|Any CPU.Build.0 = Debug|Any CPU
		{711002EA-3655-48E3-BEB8-0C7E9E2507A7}.Release|Any CPU.ActiveCfg = Release|Any CPU
		{711002EA-3655-48E3-BEB8-0C7E9E2507A7}.Release|Any CPU.Build.0 = Release|Any CPU
		{693849CA-5701-4091-98E5-939EB9FD7CE1}.Debug|Any CPU.ActiveCfg = Debug|Any CPU
		{693849CA-5701-4091-98E5-939EB9FD7CE1}.Debug|Any CPU.Build.0 = Debug|Any CPU
		{693849CA-5701-4091-98E5-939EB9FD7CE1}.Release|Any CPU.ActiveCfg = Release|Any CPU
		{693849CA-5701-4091-98E5-939EB9FD7CE1}.Release|Any CPU.Build.0 = Release|Any CPU
		{C255EAAE-B65B-4353-90F1-B91917891A35}.Debug|Any CPU.ActiveCfg = Debug|Any CPU
		{C255EAAE-B65B-4353-90F1-B91917891A35}.Debug|Any CPU.Build.0 = Debug|Any CPU
		{C255EAAE-B65B-4353-90F1-B91917891A35}.Release|Any CPU.ActiveCfg = Release|Any CPU
		{C255EAAE-B65B-4353-90F1-B91917891A35}.Release|Any CPU.Build.0 = Release|Any CPU
		{D1BEE5EC-70AF-4947-8A4A-5076F83E69BF}.Debug|Any CPU.ActiveCfg = Debug|Any CPU
		{D1BEE5EC-70AF-4947-8A4A-5076F83E69BF}.Debug|Any CPU.Build.0 = Debug|Any CPU
		{D1BEE5EC-70AF-4947-8A4A-5076F83E69BF}.Release|Any CPU.ActiveCfg = Release|Any CPU
		{D1BEE5EC-70AF-4947-8A4A-5076F83E69BF}.Release|Any CPU.Build.0 = Release|Any CPU
	EndGlobalSection
	GlobalSection(NestedProjects) = preSolution
		{0BB7FBAE-1842-4ADB-AA1C-52021FC41D68} = {8EAE3DB9-6473-420B-94D6-756DF381FE89}
		{711002EA-3655-48E3-BEB8-0C7E9E2507A7} = {60A319A6-A6FA-4151-89F9-6C29E551735C}
		{693849CA-5701-4091-98E5-939EB9FD7CE1} = {60A319A6-A6FA-4151-89F9-6C29E551735C}
		{C255EAAE-B65B-4353-90F1-B91917891A35} = {60A319A6-A6FA-4151-89F9-6C29E551735C}
		{D1BEE5EC-70AF-4947-8A4A-5076F83E69BF} = {60A319A6-A6FA-4151-89F9-6C29E551735C}
	EndGlobalSection
EndGlobal
